
Microsoft Visual Studio Solution File, Format Version 12.00
# Visual Studio Version 17
VisualStudioVersion = 17.6.33801.468
MinimumVisualStudioVersion = 10.0.40219.1
Project("{FAE04EC0-301F-11D3-BF4B-00C04F79EFBC}") = "ProjectXS", "Z75. ServerPodatoci\ProjectXS.csproj", "{29D5E2B5-09B6-431F-BB9D-9946E8293DE5}"
EndProject
Global
	GlobalSection(SolutionConfigurationPlatforms) = preSolution
		Debug|Any CPU = Debug|Any CPU
		Release|Any CPU = Release|Any CPU
	EndGlobalSection
	GlobalSection(ProjectConfigurationPlatforms) = postSolution
		{29D5E2B5-09B6-431F-BB9D-9946E8293DE5}.Debug|Any CPU.ActiveCfg = Debug|Any CPU
		{29D5E2B5-09B6-431F-BB9D-9946E8293DE5}.Debug|Any CPU.Build.0 = Debug|Any CPU
		{29D5E2B5-09B6-431F-BB9D-9946E8293DE5}.Release|Any CPU.ActiveCfg = Release|Any CPU
		{29D5E2B5-09B6-431F-BB9D-9946E8293DE5}.Release|Any CPU.Build.0 = Release|Any CPU
	EndGlobalSection
	GlobalSection(SolutionProperties) = preSolution
		HideSolutionNode = FALSE
	EndGlobalSection
	GlobalSection(ExtensibilityGlobals) = postSolution
		SolutionGuid = {1DB24D46-0C6A-4C54-9A9B-F860F6B334F9}
	EndGlobalSection
EndGlobal
