
Microsoft Visual Studio Solution File, Format Version 12.00
# Visual Studio Version 17
VisualStudioVersion = 17.6.33801.468
MinimumVisualStudioVersion = 10.0.40219.1
Project("{FAE04EC0-301F-11D3-BF4B-00C04F79EFBC}") = "ProjectX", "Z75. ClientPodatoci\ProjectX.csproj", "{9742419F-1081-4473-A678-42C839511AF8}"
EndProject
Global
	GlobalSection(SolutionConfigurationPlatforms) = preSolution
		Debug|Any CPU = Debug|Any CPU
		Release|Any CPU = Release|Any CPU
	EndGlobalSection
	GlobalSection(ProjectConfigurationPlatforms) = postSolution
		{9742419F-1081-4473-A678-42C839511AF8}.Debug|Any CPU.ActiveCfg = Debug|Any CPU
		{9742419F-1081-4473-A678-42C839511AF8}.Debug|Any CPU.Build.0 = Debug|Any CPU
		{9742419F-1081-4473-A678-42C839511AF8}.Release|Any CPU.ActiveCfg = Release|Any CPU
		{9742419F-1081-4473-A678-42C839511AF8}.Release|Any CPU.Build.0 = Release|Any CPU
	EndGlobalSection
	GlobalSection(SolutionProperties) = preSolution
		HideSolutionNode = FALSE
	EndGlobalSection
	GlobalSection(ExtensibilityGlobals) = postSolution
		SolutionGuid = {FF4368BD-4161-4DEE-8F05-B3EDA2048142}
	EndGlobalSection
EndGlobal
